
Microsoft Visual Studio Solution File, Format Version 12.00
# Visual Studio Version 17
VisualStudioVersion = 17.3.32825.248
MinimumVisualStudioVersion = 10.0.40219.1
Project("{9A19103F-16F7-4668-BE54-9A1E7A4F7556}") = "NBack", "NBack\NBack.csproj", "{343275D1-52F5-45F3-B489-6726B9EA1384}"
EndProject
Project("{FAE04EC0-301F-11D3-BF4B-00C04F79EFBC}") = "NBack.Gui", "NBack.Gui\NBack.Gui.csproj", "{49C69600-7565-4BCF-8090-FE508AE028A6}"
EndProject
Global
	GlobalSection(SolutionConfigurationPlatforms) = preSolution
		Debug|Any CPU = Debug|Any CPU
		Release|Any CPU = Release|Any CPU
	EndGlobalSection
	GlobalSection(ProjectConfigurationPlatforms) = postSolution
		{343275D1-52F5-45F3-B489-6726B9EA1384}.Debug|Any CPU.ActiveCfg = Debug|Any CPU
		{343275D1-52F5-45F3-B489-6726B9EA1384}.Debug|Any CPU.Build.0 = Debug|Any CPU
		{343275D1-52F5-45F3-B489-6726B9EA1384}.Release|Any CPU.ActiveCfg = Release|Any CPU
		{343275D1-52F5-45F3-B489-6726B9EA1384}.Release|Any CPU.Build.0 = Release|Any CPU
		{49C69600-7565-4BCF-8090-FE508AE028A6}.Debug|Any CPU.ActiveCfg = Debug|Any CPU
		{49C69600-7565-4BCF-8090-FE508AE028A6}.Debug|Any CPU.Build.0 = Debug|Any CPU
		{49C69600-7565-4BCF-8090-FE508AE028A6}.Release|Any CPU.ActiveCfg = Release|Any CPU
		{49C69600-7565-4BCF-8090-FE508AE028A6}.Release|Any CPU.Build.0 = Release|Any CPU
	EndGlobalSection
	GlobalSection(SolutionProperties) = preSolution
		HideSolutionNode = FALSE
	EndGlobalSection
	GlobalSection(ExtensibilityGlobals) = postSolution
		SolutionGuid = {8CAC70D1-FDDE-47C6-9275-4EFB11FBBBEA}
	EndGlobalSection
EndGlobal
